PODS:
  - FLEX (4.1.1)
  - HTMLKit (3.0.0)
  - MBProgressHUD (1.1.0)
  - Reachability (3.2)

DEPENDENCIES:
  - FLEX
  - HTMLKit
  - MBProgressHUD
  - Reachability

SPEC REPOS:
  https://github.com/CocoaPods/Specs.git:
    - HTMLKit
    - MBProgressHUD
    - Reachability
  trunk:
    - FLEX

SPEC CHECKSUMS:
  FLEX: 81096107977a09836eb440173010ceeef01105d6
  HTMLKit: 0cddede9b33f764285e0706d37a41c836a1e76ca
  MBProgressHUD: e7baa36a220447d8aeb12769bf0585582f3866d9
  Reachability: 33e18b67625424e47b6cde6d202dce689ad7af96

PODFILE CHECKSUM: 1e8615307f8b9b0740105e89eede3031b48928ff

COCOAPODS: 1.9.1
