// !$*UTF8*$!
{
	archiveVersion = 1;
	classes = {
	};
	objectVersion = 51;
	objects = {

/* Begin PBXBuildFile section */
		0C195C0C24509FC2001351D9 /* ListViewController.m in Sources */ = {isa = PBXBuildFile; fileRef = 0C195C0A24509FC2001351D9 /* ListViewController.m */; };
		0C195C0D24509FC2001351D9 /* ListViewController.xib in Resources */ = {isa = PBXBuildFile; fileRef = 0C195C0B24509FC2001351D9 /* ListViewController.xib */; };
		0C21EF74243E481000295CB2 /* GetAVList.m in Sources */ = {isa = PBXBuildFile; fileRef = 0C21EF73243E481000295CB2 /* GetAVList.m */; };
		0C6927252476E8980000F64E /* WebListViewController.m in Sources */ = {isa = PBXBuildFile; fileRef = 0C6927242476E8980000F64E /* WebListViewController.m */; };
		0C6927282476EF030000F64E /* WebViewController.m in Sources */ = {isa = PBXBuildFile; fileRef = 0C6927272476EF030000F64E /* WebViewController.m */; };
		0C69272A2476F72D0000F64E /* WebKit.framework in Frameworks */ = {isa = PBXBuildFile; fileRef = 0C6927292476F72D0000F64E /* WebKit.framework */; };
		0C8252C32451E3B7002F9347 /* ListView.m in Sources */ = {isa = PBXBuildFile; fileRef = 0C8252C22451E3B7002F9347 /* ListView.m */; };
		0C86CBE421F77DA300C26F51 /* ConvertTXT.m in Sources */ = {isa = PBXBuildFile; fileRef = 0C86CBE321F77DA300C26F51 /* ConvertTXT.m */; };
		0C86CBF221F78C7600C26F51 /* list in Resources */ = {isa = PBXBuildFile; fileRef = 0C86CBF121F78C7600C26F51 /* list */; };
		0CAF64C0245B3F18005E68AC /* AFURLResponseSerialization.m in Sources */ = {isa = PBXBuildFile; fileRef = 0CAF64B6245B3F18005E68AC /* AFURLResponseSerialization.m */; };
		0CAF64C1245B3F18005E68AC /* AFHTTPSessionManager.m in Sources */ = {isa = PBXBuildFile; fileRef = 0CAF64B7245B3F18005E68AC /* AFHTTPSessionManager.m */; };
		0CAF64C2245B3F18005E68AC /* AFURLSessionManager.m in Sources */ = {isa = PBXBuildFile; fileRef = 0CAF64B9245B3F18005E68AC /* AFURLSessionManager.m */; };
		0CAF64C3245B3F18005E68AC /* AFURLRequestSerialization.m in Sources */ = {isa = PBXBuildFile; fileRef = 0CAF64BA245B3F18005E68AC /* AFURLRequestSerialization.m */; };
		0CAF64C4245B3F18005E68AC /* AFNetworkReachabilityManager.m in Sources */ = {isa = PBXBuildFile; fileRef = 0CAF64BC245B3F18005E68AC /* AFNetworkReachabilityManager.m */; };
		0CAF64C5245B3F18005E68AC /* AFSecurityPolicy.m in Sources */ = {isa = PBXBuildFile; fileRef = 0CAF64BD245B3F18005E68AC /* AFSecurityPolicy.m */; };
		0CAF64CB245B4161005E68AC /* LDXNetKit.m in Sources */ = {isa = PBXBuildFile; fileRef = 0CAF64CA245B4161005E68AC /* LDXNetKit.m */; };
		0CAF64CE245B4308005E68AC /* FileListManager.m in Sources */ = {isa = PBXBuildFile; fileRef = 0CAF64CD245B4308005E68AC /* FileListManager.m */; };
		0CAF64D2245B4D54005E68AC /* AdvanceViewController.m in Sources */ = {isa = PBXBuildFile; fileRef = 0CAF64D0245B4D53005E68AC /* AdvanceViewController.m */; };
		0CBB57C221CD2AE600282EFF /* AppDelegate.m in Sources */ = {isa = PBXBuildFile; fileRef = 0CBB57C121CD2AE600282EFF /* AppDelegate.m */; };
		0CBB57C821CD2AE600282EFF /* Main.storyboard in Resources */ = {isa = PBXBuildFile; fileRef = 0CBB57C621CD2AE600282EFF /* Main.storyboard */; };
		0CBB57CA21CD2AE700282EFF /* Assets.xcassets in Resources */ = {isa = PBXBuildFile; fileRef = 0CBB57C921CD2AE700282EFF /* Assets.xcassets */; };
		0CBB57CD21CD2AE700282EFF /* LaunchScreen.storyboard in Resources */ = {isa = PBXBuildFile; fileRef = 0CBB57CB21CD2AE700282EFF /* LaunchScreen.storyboard */; };
		0CBB57D021CD2AE700282EFF /* main.m in Sources */ = {isa = PBXBuildFile; fileRef = 0CBB57CF21CD2AE700282EFF /* main.m */; };
		0CE5D9542450977000C32651 /* PlayerViewController.m in Sources */ = {isa = PBXBuildFile; fileRef = 0CE5D9532450977000C32651 /* PlayerViewController.m */; };
		B51CB39C22156906006EC5BC /* NvToast.m in Sources */ = {isa = PBXBuildFile; fileRef = B51CB39B22156906006EC5BC /* NvToast.m */; };
		F76E2E3EA017CC872607EF80 /* Pods_TVOnLine.framework in Frameworks */ = {isa = PBXBuildFile; fileRef = DF61D404E6D5A4CB13816365 /* Pods_TVOnLine.framework */; };
/* End PBXBuildFile section */

/* Begin PBXFileReference section */
		07CC21E247B082966D12A6D1 /* Pods-电视直播.debug.xcconfig */ = {isa = PBXFileReference; includeInIndex = 1; lastKnownFileType = text.xcconfig; name = "Pods-电视直播.debug.xcconfig"; path = "Pods/Target Support Files/Pods-电视直播/Pods-电视直播.debug.xcconfig"; sourceTree = "<group>"; };
		0C195C0924509FC2001351D9 /* ListViewController.h */ = {isa = PBXFileReference; lastKnownFileType = sourcecode.c.h; path = ListViewController.h; sourceTree = "<group>"; };
		0C195C0A24509FC2001351D9 /* ListViewController.m */ = {isa = PBXFileReference; lastKnownFileType = sourcecode.c.objc; path = ListViewController.m; sourceTree = "<group>"; };
		0C195C0B24509FC2001351D9 /* ListViewController.xib */ = {isa = PBXFileReference; lastKnownFileType = file.xib; path = ListViewController.xib; sourceTree = "<group>"; };
		0C21EF72243E481000295CB2 /* GetAVList.h */ = {isa = PBXFileReference; lastKnownFileType = sourcecode.c.h; path = GetAVList.h; sourceTree = "<group>"; };
		0C21EF73243E481000295CB2 /* GetAVList.m */ = {isa = PBXFileReference; lastKnownFileType = sourcecode.c.objc; path = GetAVList.m; sourceTree = "<group>"; };
		0C445BEC244F7B25007EBFB0 /* TVOnLine.entitlements */ = {isa = PBXFileReference; lastKnownFileType = text.plist.entitlements; path = TVOnLine.entitlements; sourceTree = "<group>"; };
		0C6927232476E8980000F64E /* WebListViewController.h */ = {isa = PBXFileReference; lastKnownFileType = sourcecode.c.h; path = WebListViewController.h; sourceTree = "<group>"; };
		0C6927242476E8980000F64E /* WebListViewController.m */ = {isa = PBXFileReference; lastKnownFileType = sourcecode.c.objc; path = WebListViewController.m; sourceTree = "<group>"; };
		0C6927262476EF030000F64E /* WebViewController.h */ = {isa = PBXFileReference; lastKnownFileType = sourcecode.c.h; path = WebViewController.h; sourceTree = "<group>"; };
		0C6927272476EF030000F64E /* WebViewController.m */ = {isa = PBXFileReference; lastKnownFileType = sourcecode.c.objc; path = WebViewController.m; sourceTree = "<group>"; };
		0C6927292476F72D0000F64E /* WebKit.framework */ = {isa = PBXFileReference; lastKnownFileType = wrapper.framework; name = WebKit.framework; path = Platforms/MacOSX.platform/Developer/SDKs/MacOSX10.15.sdk/System/Library/Frameworks/WebKit.framework; sourceTree = DEVELOPER_DIR; };
		0C8252C12451E3B7002F9347 /* ListView.h */ = {isa = PBXFileReference; lastKnownFileType = sourcecode.c.h; path = ListView.h; sourceTree = "<group>"; };
		0C8252C22451E3B7002F9347 /* ListView.m */ = {isa = PBXFileReference; lastKnownFileType = sourcecode.c.objc; path = ListView.m; sourceTree = "<group>"; };
		0C86CBE221F77DA300C26F51 /* ConvertTXT.h */ = {isa = PBXFileReference; fileEncoding = 4; lastKnownFileType = sourcecode.c.h; path = ConvertTXT.h; sourceTree = "<group>"; };
		0C86CBE321F77DA300C26F51 /* ConvertTXT.m */ = {isa = PBXFileReference; fileEncoding = 4; lastKnownFileType = sourcecode.c.objc; path = ConvertTXT.m; sourceTree = "<group>"; };
		0C86CBF121F78C7600C26F51 /* list */ = {isa = PBXFileReference; lastKnownFileType = folder; path = list; sourceTree = "<group>"; };
		0CAF64B2245B3F18005E68AC /* AFSecurityPolicy.h */ = {isa = PBXFileReference; fileEncoding = 4; lastKnownFileType = sourcecode.c.h; path = AFSecurityPolicy.h; sourceTree = "<group>"; };
		0CAF64B3245B3F18005E68AC /* AFNetworkReachabilityManager.h */ = {isa = PBXFileReference; fileEncoding = 4; lastKnownFileType = sourcecode.c.h; path = AFNetworkReachabilityManager.h; sourceTree = "<group>"; };
		0CAF64B4245B3F18005E68AC /* AFURLSessionManager.h */ = {isa = PBXFileReference; fileEncoding = 4; lastKnownFileType = sourcecode.c.h; path = AFURLSessionManager.h; sourceTree = "<group>"; };
		0CAF64B5245B3F18005E68AC /* AFURLRequestSerialization.h */ = {isa = PBXFileReference; fileEncoding = 4; lastKnownFileType = sourcecode.c.h; path = AFURLRequestSerialization.h; sourceTree = "<group>"; };
		0CAF64B6245B3F18005E68AC /* AFURLResponseSerialization.m */ = {isa = PBXFileReference; fileEncoding = 4; lastKnownFileType = sourcecode.c.objc; path = AFURLResponseSerialization.m; sourceTree = "<group>"; };
		0CAF64B7245B3F18005E68AC /* AFHTTPSessionManager.m */ = {isa = PBXFileReference; fileEncoding = 4; lastKnownFileType = sourcecode.c.objc; path = AFHTTPSessionManager.m; sourceTree = "<group>"; };
		0CAF64B8245B3F18005E68AC /* AFURLResponseSerialization.h */ = {isa = PBXFileReference; fileEncoding = 4; lastKnownFileType = sourcecode.c.h; path = AFURLResponseSerialization.h; sourceTree = "<group>"; };
		0CAF64B9245B3F18005E68AC /* AFURLSessionManager.m */ = {isa = PBXFileReference; fileEncoding = 4; lastKnownFileType = sourcecode.c.objc; path = AFURLSessionManager.m; sourceTree = "<group>"; };
		0CAF64BA245B3F18005E68AC /* AFURLRequestSerialization.m */ = {isa = PBXFileReference; fileEncoding = 4; lastKnownFileType = sourcecode.c.objc; path = AFURLRequestSerialization.m; sourceTree = "<group>"; };
		0CAF64BB245B3F18005E68AC /* AFNetworking.h */ = {isa = PBXFileReference; fileEncoding = 4; lastKnownFileType = sourcecode.c.h; path = AFNetworking.h; sourceTree = "<group>"; };
		0CAF64BC245B3F18005E68AC /* AFNetworkReachabilityManager.m */ = {isa = PBXFileReference; fileEncoding = 4; lastKnownFileType = sourcecode.c.objc; path = AFNetworkReachabilityManager.m; sourceTree = "<group>"; };
		0CAF64BD245B3F18005E68AC /* AFSecurityPolicy.m */ = {isa = PBXFileReference; fileEncoding = 4; lastKnownFileType = sourcecode.c.objc; path = AFSecurityPolicy.m; sourceTree = "<group>"; };
		0CAF64BE245B3F18005E68AC /* AFCompatibilityMacros.h */ = {isa = PBXFileReference; fileEncoding = 4; lastKnownFileType = sourcecode.c.h; path = AFCompatibilityMacros.h; sourceTree = "<group>"; };
		0CAF64BF245B3F18005E68AC /* AFHTTPSessionManager.h */ = {isa = PBXFileReference; fileEncoding = 4; lastKnownFileType = sourcecode.c.h; path = AFHTTPSessionManager.h; sourceTree = "<group>"; };
		0CAF64C9245B4160005E68AC /* LDXNetKit.h */ = {isa = PBXFileReference; fileEncoding = 4; lastKnownFileType = sourcecode.c.h; path = LDXNetKit.h; sourceTree = "<group>"; };
		0CAF64CA245B4161005E68AC /* LDXNetKit.m */ = {isa = PBXFileReference; fileEncoding = 4; lastKnownFileType = sourcecode.c.objc; path = LDXNetKit.m; sourceTree = "<group>"; };
		0CAF64CC245B4308005E68AC /* FileListManager.h */ = {isa = PBXFileReference; lastKnownFileType = sourcecode.c.h; path = FileListManager.h; sourceTree = "<group>"; };
		0CAF64CD245B4308005E68AC /* FileListManager.m */ = {isa = PBXFileReference; lastKnownFileType = sourcecode.c.objc; path = FileListManager.m; sourceTree = "<group>"; };
		0CAF64CF245B4D53005E68AC /* AdvanceViewController.h */ = {isa = PBXFileReference; lastKnownFileType = sourcecode.c.h; path = AdvanceViewController.h; sourceTree = "<group>"; };
		0CAF64D0245B4D53005E68AC /* AdvanceViewController.m */ = {isa = PBXFileReference; lastKnownFileType = sourcecode.c.objc; path = AdvanceViewController.m; sourceTree = "<group>"; };
		0CBB57BD21CD2AE600282EFF /* TVOnLine.app */ = {isa = PBXFileReference; explicitFileType = wrapper.application; includeInIndex = 0; path = TVOnLine.app; sourceTree = BUILT_PRODUCTS_DIR; };
		0CBB57C021CD2AE600282EFF /* AppDelegate.h */ = {isa = PBXFileReference; lastKnownFileType = sourcecode.c.h; path = AppDelegate.h; sourceTree = "<group>"; };
		0CBB57C121CD2AE600282EFF /* AppDelegate.m */ = {isa = PBXFileReference; lastKnownFileType = sourcecode.c.objc; path = AppDelegate.m; sourceTree = "<group>"; };
		0CBB57C721CD2AE600282EFF /* Base */ = {isa = PBXFileReference; lastKnownFileType = file.storyboard; name = Base; path = Base.lproj/Main.storyboard; sourceTree = "<group>"; };
		0CBB57C921CD2AE700282EFF /* Assets.xcassets */ = {isa = PBXFileReference; lastKnownFileType = folder.assetcatalog; path = Assets.xcassets; sourceTree = "<group>"; };
		0CBB57CC21CD2AE700282EFF /* Base */ = {isa = PBXFileReference; lastKnownFileType = file.storyboard; name = Base; path = Base.lproj/LaunchScreen.storyboard; sourceTree = "<group>"; };
		0CBB57CE21CD2AE700282EFF /* Info.plist */ = {isa = PBXFileReference; lastKnownFileType = text.plist.xml; path = Info.plist; sourceTree = "<group>"; };
		0CBB57CF21CD2AE700282EFF /* main.m */ = {isa = PBXFileReference; lastKnownFileType = sourcecode.c.objc; path = main.m; sourceTree = "<group>"; };
		0CE5D9522450977000C32651 /* PlayerViewController.h */ = {isa = PBXFileReference; lastKnownFileType = sourcecode.c.h; path = PlayerViewController.h; sourceTree = "<group>"; };
		0CE5D9532450977000C32651 /* PlayerViewController.m */ = {isa = PBXFileReference; lastKnownFileType = sourcecode.c.objc; path = PlayerViewController.m; sourceTree = "<group>"; };
		1A4AC7482CCC7A0D44A7BE6A /* Pods-电视直播.release.xcconfig */ = {isa = PBXFileReference; includeInIndex = 1; lastKnownFileType = text.xcconfig; name = "Pods-电视直播.release.xcconfig"; path = "Pods/Target Support Files/Pods-电视直播/Pods-电视直播.release.xcconfig"; sourceTree = "<group>"; };
		6F29C244BD323972B3D87ADC /* Pods-TVOnLine.debug.xcconfig */ = {isa = PBXFileReference; includeInIndex = 1; lastKnownFileType = text.xcconfig; name = "Pods-TVOnLine.debug.xcconfig"; path = "Pods/Target Support Files/Pods-TVOnLine/Pods-TVOnLine.debug.xcconfig"; sourceTree = "<group>"; };
		AC1AE8B4AD7EEE4C52FAE041 /* Pods-TVOnLine.release.xcconfig */ = {isa = PBXFileReference; includeInIndex = 1; lastKnownFileType = text.xcconfig; name = "Pods-TVOnLine.release.xcconfig"; path = "Pods/Target Support Files/Pods-TVOnLine/Pods-TVOnLine.release.xcconfig"; sourceTree = "<group>"; };
		B519854924500C4E0017E407 /* OpenGL.framework */ = {isa = PBXFileReference; lastKnownFileType = wrapper.framework; name = OpenGL.framework; path = Platforms/MacOSX.platform/Developer/SDKs/MacOSX10.15.sdk/System/Library/Frameworks/OpenGL.framework; sourceTree = DEVELOPER_DIR; };
		B51CB39A22156906006EC5BC /* NvToast.h */ = {isa = PBXFileReference; fileEncoding = 4; lastKnownFileType = sourcecode.c.h; path = NvToast.h; sourceTree = "<group>"; };
		B51CB39B22156906006EC5BC /* NvToast.m */ = {isa = PBXFileReference; fileEncoding = 4; lastKnownFileType = sourcecode.c.objc; path = NvToast.m; sourceTree = "<group>"; };
		B5455B7C22014C99008FE896 /* libc++.tbd */ = {isa = PBXFileReference; lastKnownFileType = "sourcecode.text-based-dylib-definition"; name = "libc++.tbd"; path = "usr/lib/libc++.tbd"; sourceTree = SDKROOT; };
		B5455B7E22014CA4008FE896 /* libz.tbd */ = {isa = PBXFileReference; lastKnownFileType = "sourcecode.text-based-dylib-definition"; name = libz.tbd; path = usr/lib/libz.tbd; sourceTree = SDKROOT; };
		B5455B8022014CAE008FE896 /* libbz2.tbd */ = {isa = PBXFileReference; lastKnownFileType = "sourcecode.text-based-dylib-definition"; name = libbz2.tbd; path = usr/lib/libbz2.tbd; sourceTree = SDKROOT; };
		B5455B8222014CB9008FE896 /* AudioToolbox.framework */ = {isa = PBXFileReference; lastKnownFileType = wrapper.framework; name = AudioToolbox.framework; path = System/Library/Frameworks/AudioToolbox.framework; sourceTree = SDKROOT; };
		B5455B8422014CC4008FE896 /* UIKit.framework */ = {isa = PBXFileReference; lastKnownFileType = wrapper.framework; name = UIKit.framework; path = System/Library/Frameworks/UIKit.framework; sourceTree = SDKROOT; };
		B5455B8622014CCF008FE896 /* CoreGraphics.framework */ = {isa = PBXFileReference; lastKnownFileType = wrapper.framework; name = CoreGraphics.framework; path = System/Library/Frameworks/CoreGraphics.framework; sourceTree = SDKROOT; };
		B5455B8822014CD9008FE896 /* AVFoundation.framework */ = {isa = PBXFileReference; lastKnownFileType = wrapper.framework; name = AVFoundation.framework; path = System/Library/Frameworks/AVFoundation.framework; sourceTree = SDKROOT; };
		B5455B8A22014CE1008FE896 /* CoreMedia.framework */ = {isa = PBXFileReference; lastKnownFileType = wrapper.framework; name = CoreMedia.framework; path = System/Library/Frameworks/CoreMedia.framework; sourceTree = SDKROOT; };
		B5455B8C22014CEC008FE896 /* CoreVideo.framework */ = {isa = PBXFileReference; lastKnownFileType = wrapper.framework; name = CoreVideo.framework; path = System/Library/Frameworks/CoreVideo.framework; sourceTree = SDKROOT; };
		B5455B8E22014CF4008FE896 /* MediaPlayer.framework */ = {isa = PBXFileReference; lastKnownFileType = wrapper.framework; name = MediaPlayer.framework; path = System/Library/Frameworks/MediaPlayer.framework; sourceTree = SDKROOT; };
		B5455B9022014CFD008FE896 /* MobileCoreServices.framework */ = {isa = PBXFileReference; lastKnownFileType = wrapper.framework; name = MobileCoreServices.framework; path = System/Library/Frameworks/MobileCoreServices.framework; sourceTree = SDKROOT; };
		B5455B9222014D0B008FE896 /* OpenGLES.framework */ = {isa = PBXFileReference; lastKnownFileType = wrapper.framework; name = OpenGLES.framework; path = System/Library/Frameworks/OpenGLES.framework; sourceTree = SDKROOT; };
		B5455B9422014D14008FE896 /* QuartzCore.framework */ = {isa = PBXFileReference; lastKnownFileType = wrapper.framework; name = QuartzCore.framework; path = System/Library/Frameworks/QuartzCore.framework; sourceTree = SDKROOT; };
		B5455B9622014D1C008FE896 /* VideoToolbox.framework */ = {isa = PBXFileReference; lastKnownFileType = wrapper.framework; name = VideoToolbox.framework; path = System/Library/Frameworks/VideoToolbox.framework; sourceTree = SDKROOT; };
		DF61D404E6D5A4CB13816365 /* Pods_TVOnLine.framework */ = {isa = PBXFileReference; explicitFileType = wrapper.framework; includeInIndex = 0; path = Pods_TVOnLine.framework; sourceTree = BUILT_PRODUCTS_DIR; };
/* End PBXFileReference section */

/* Begin PBXFrameworksBuildPhase section */
		0CBB57BA21CD2AE600282EFF /* Frameworks */ = {
			isa = PBXFrameworksBuildPhase;
			buildActionMask = 2147483647;
			files = (
				0C69272A2476F72D0000F64E /* WebKit.framework in Frameworks */,
				F76E2E3EA017CC872607EF80 /* Pods_TVOnLine.framework in Frameworks */,
			);
			runOnlyForDeploymentPostprocessing = 0;
		};
/* End PBXFrameworksBuildPhase section */

/* Begin PBXGroup section */
		0CAF64B1245B3F18005E68AC /* AFNetworking */ = {
			isa = PBXGroup;
			children = (
				0CAF64B2245B3F18005E68AC /* AFSecurityPolicy.h */,
				0CAF64B3245B3F18005E68AC /* AFNetworkReachabilityManager.h */,
				0CAF64B4245B3F18005E68AC /* AFURLSessionManager.h */,
				0CAF64B5245B3F18005E68AC /* AFURLRequestSerialization.h */,
				0CAF64B6245B3F18005E68AC /* AFURLResponseSerialization.m */,
				0CAF64B7245B3F18005E68AC /* AFHTTPSessionManager.m */,
				0CAF64B8245B3F18005E68AC /* AFURLResponseSerialization.h */,
				0CAF64B9245B3F18005E68AC /* AFURLSessionManager.m */,
				0CAF64BA245B3F18005E68AC /* AFURLRequestSerialization.m */,
				0CAF64BB245B3F18005E68AC /* AFNetworking.h */,
				0CAF64BC245B3F18005E68AC /* AFNetworkReachabilityManager.m */,
				0CAF64BD245B3F18005E68AC /* AFSecurityPolicy.m */,
				0CAF64BE245B3F18005E68AC /* AFCompatibilityMacros.h */,
				0CAF64BF245B3F18005E68AC /* AFHTTPSessionManager.h */,
			);
			path = AFNetworking;
			sourceTree = "<group>";
		};
		0CBB57B421CD2AE600282EFF = {
			isa = PBXGroup;
			children = (
				0CBB57BF21CD2AE600282EFF /* TVOnLine */,
				0CBB57BE21CD2AE600282EFF /* Products */,
				B5455B7722014C2F008FE896 /* Frameworks */,
				EDFA029BFB65CC8DEA9C0526 /* Pods */,
			);
			sourceTree = "<group>";
		};
		0CBB57BE21CD2AE600282EFF /* Products */ = {
			isa = PBXGroup;
			children = (
				0CBB57BD21CD2AE600282EFF /* TVOnLine.app */,
			);
			name = Products;
			sourceTree = "<group>";
		};
		0CBB57BF21CD2AE600282EFF /* TVOnLine */ = {
			isa = PBXGroup;
			children = (
				0CAF64B1245B3F18005E68AC /* AFNetworking */,
				0C445BEC244F7B25007EBFB0 /* TVOnLine.entitlements */,
				0C86CBF121F78C7600C26F51 /* list */,
				0C86CBE221F77DA300C26F51 /* ConvertTXT.h */,
				0C86CBE321F77DA300C26F51 /* ConvertTXT.m */,
				0CAF64C9245B4160005E68AC /* LDXNetKit.h */,
				0CAF64CA245B4161005E68AC /* LDXNetKit.m */,
				0CBB57C021CD2AE600282EFF /* AppDelegate.h */,
				0CBB57C121CD2AE600282EFF /* AppDelegate.m */,
				0CE5D9522450977000C32651 /* PlayerViewController.h */,
				0CE5D9532450977000C32651 /* PlayerViewController.m */,
				0CAF64CC245B4308005E68AC /* FileListManager.h */,
				0CAF64CD245B4308005E68AC /* FileListManager.m */,
				0C195C0924509FC2001351D9 /* ListViewController.h */,
				0C195C0A24509FC2001351D9 /* ListViewController.m */,
				0C195C0B24509FC2001351D9 /* ListViewController.xib */,
				0CAF64CF245B4D53005E68AC /* AdvanceViewController.h */,
				0CAF64D0245B4D53005E68AC /* AdvanceViewController.m */,
				0C6927232476E8980000F64E /* WebListViewController.h */,
				0C6927242476E8980000F64E /* WebListViewController.m */,
				0C6927262476EF030000F64E /* WebViewController.h */,
				0C6927272476EF030000F64E /* WebViewController.m */,
				0C8252C12451E3B7002F9347 /* ListView.h */,
				0C8252C22451E3B7002F9347 /* ListView.m */,
				B51CB39A22156906006EC5BC /* NvToast.h */,
				B51CB39B22156906006EC5BC /* NvToast.m */,
				0CBB57C621CD2AE600282EFF /* Main.storyboard */,
				0CBB57C921CD2AE700282EFF /* Assets.xcassets */,
				0CBB57CB21CD2AE700282EFF /* LaunchScreen.storyboard */,
				0CBB57CE21CD2AE700282EFF /* Info.plist */,
				0CBB57CF21CD2AE700282EFF /* main.m */,
				0C21EF72243E481000295CB2 /* GetAVList.h */,
				0C21EF73243E481000295CB2 /* GetAVList.m */,
			);
			path = TVOnLine;
			sourceTree = "<group>";
		};
		B5455B7722014C2F008FE896 /* Frameworks */ = {
			isa = PBXGroup;
			children = (
				0C6927292476F72D0000F64E /* WebKit.framework */,
				B519854924500C4E0017E407 /* OpenGL.framework */,
				B5455B9622014D1C008FE896 /* VideoToolbox.framework */,
				B5455B9422014D14008FE896 /* QuartzCore.framework */,
				B5455B9222014D0B008FE896 /* OpenGLES.framework */,
				B5455B9022014CFD008FE896 /* MobileCoreServices.framework */,
				B5455B8E22014CF4008FE896 /* MediaPlayer.framework */,
				B5455B8C22014CEC008FE896 /* CoreVideo.framework */,
				B5455B8A22014CE1008FE896 /* CoreMedia.framework */,
				B5455B8822014CD9008FE896 /* AVFoundation.framework */,
				B5455B8622014CCF008FE896 /* CoreGraphics.framework */,
				B5455B8422014CC4008FE896 /* UIKit.framework */,
				B5455B8222014CB9008FE896 /* AudioToolbox.framework */,
				B5455B8022014CAE008FE896 /* libbz2.tbd */,
				B5455B7E22014CA4008FE896 /* libz.tbd */,
				B5455B7C22014C99008FE896 /* libc++.tbd */,
				DF61D404E6D5A4CB13816365 /* Pods_TVOnLine.framework */,
			);
			name = Frameworks;
			sourceTree = "<group>";
		};
		EDFA029BFB65CC8DEA9C0526 /* Pods */ = {
			isa = PBXGroup;
			children = (
				07CC21E247B082966D12A6D1 /* Pods-电视直播.debug.xcconfig */,
				1A4AC7482CCC7A0D44A7BE6A /* Pods-电视直播.release.xcconfig */,
				6F29C244BD323972B3D87ADC /* Pods-TVOnLine.debug.xcconfig */,
				AC1AE8B4AD7EEE4C52FAE041 /* Pods-TVOnLine.release.xcconfig */,
			);
			name = Pods;
			sourceTree = "<group>";
		};
/* End PBXGroup section */

/* Begin PBXNativeTarget section */
		0CBB57BC21CD2AE600282EFF /* TVOnLine */ = {
			isa = PBXNativeTarget;
			buildConfigurationList = 0CBB57D321CD2AE700282EFF /* Build configuration list for PBXNativeTarget "TVOnLine" */;
			buildPhases = (
				60DDF3E32F800EEFEF417F2B /* [CP] Check Pods Manifest.lock */,
				0CBB57B921CD2AE600282EFF /* Sources */,
				0CBB57BA21CD2AE600282EFF /* Frameworks */,
				0CBB57BB21CD2AE600282EFF /* Resources */,
				88F3F82AE1A735E162ABE8A9 /* [CP] Embed Pods Frameworks */,
			);
			buildRules = (
			);
			dependencies = (
			);
			name = TVOnLine;
			productName = "电视直播";
			productReference = 0CBB57BD21CD2AE600282EFF /* TVOnLine.app */;
			productType = "com.apple.product-type.application";
		};
/* End PBXNativeTarget section */

/* Begin PBXProject section */
		0CBB57B521CD2AE600282EFF /* Project object */ = {
			isa = PBXProject;
			attributes = {
				LastUpgradeCheck = 1010;
				ORGANIZATIONNAME = "刘东旭";
				TargetAttributes = {
					0CBB57BC21CD2AE600282EFF = {
						CreatedOnToolsVersion = 10.1;
						LastSwiftMigration = 1110;
					};
				};
			};
			buildConfigurationList = 0CBB57B821CD2AE600282EFF /* Build configuration list for PBXProject "TVOnLine" */;
			compatibilityVersion = "Xcode 9.3";
			developmentRegion = en;
			hasScannedForEncodings = 0;
			knownRegions = (
				en,
				Base,
			);
			mainGroup = 0CBB57B421CD2AE600282EFF;
			productRefGroup = 0CBB57BE21CD2AE600282EFF /* Products */;
			projectDirPath = "";
			projectRoot = "";
			targets = (
				0CBB57BC21CD2AE600282EFF /* TVOnLine */,
			);
		};
/* End PBXProject section */

/* Begin PBXResourcesBuildPhase section */
		0CBB57BB21CD2AE600282EFF /* Resources */ = {
			isa = PBXResourcesBuildPhase;
			buildActionMask = 2147483647;
			files = (
				0CBB57CD21CD2AE700282EFF /* LaunchScreen.storyboard in Resources */,
				0CBB57CA21CD2AE700282EFF /* Assets.xcassets in Resources */,
				0C195C0D24509FC2001351D9 /* ListViewController.xib in Resources */,
				0C86CBF221F78C7600C26F51 /* list in Resources */,
				0CBB57C821CD2AE600282EFF /* Main.storyboard in Resources */,
			);
			runOnlyForDeploymentPostprocessing = 0;
		};
/* End PBXResourcesBuildPhase section */

/* Begin PBXShellScriptBuildPhase section */
		60DDF3E32F800EEFEF417F2B /* [CP] Check Pods Manifest.lock */ = {
			isa = PBXShellScriptBuildPhase;
			buildActionMask = 2147483647;
			files = (
			);
			inputPaths = (
				"${PODS_PODFILE_DIR_PATH}/Podfile.lock",
				"${PODS_ROOT}/Manifest.lock",
			);
			name = "[CP] Check Pods Manifest.lock";
			outputPaths = (
				"$(DERIVED_FILE_DIR)/Pods-TVOnLine-checkManifestLockResult.txt",
			);
			runOnlyForDeploymentPostprocessing = 0;
			shellPath = /bin/sh;
			shellScript = "diff \"${PODS_PODFILE_DIR_PATH}/Podfile.lock\" \"${PODS_ROOT}/Manifest.lock\" > /dev/null\nif [ $? != 0 ] ; then\n    # print error to STDERR\n    echo \"error: The sandbox is not in sync with the Podfile.lock. Run 'pod install' or update your CocoaPods installation.\" >&2\n    exit 1\nfi\n# This output is used by Xcode 'outputs' to avoid re-running this script phase.\necho \"SUCCESS\" > \"${SCRIPT_OUTPUT_FILE_0}\"\n";
			showEnvVarsInLog = 0;
		};
		88F3F82AE1A735E162ABE8A9 /* [CP] Embed Pods Frameworks */ = {
			isa = PBXShellScriptBuildPhase;
			buildActionMask = 2147483647;
			files = (
			);
			inputFileListPaths = (
				"${PODS_ROOT}/Target Support Files/Pods-TVOnLine/Pods-TVOnLine-frameworks-${CONFIGURATION}-input-files.xcfilelist",
			);
			name = "[CP] Embed Pods Frameworks";
			outputFileListPaths = (
				"${PODS_ROOT}/Target Support Files/Pods-TVOnLine/Pods-TVOnLine-frameworks-${CONFIGURATION}-output-files.xcfilelist",
			);
			runOnlyForDeploymentPostprocessing = 0;
			shellPath = /bin/sh;
			shellScript = "\"${PODS_ROOT}/Target Support Files/Pods-TVOnLine/Pods-TVOnLine-frameworks.sh\"\n";
			showEnvVarsInLog = 0;
		};
/* End PBXShellScriptBuildPhase section */

/* Begin PBXSourcesBuildPhase section */
		0CBB57B921CD2AE600282EFF /* Sources */ = {
			isa = PBXSourcesBuildPhase;
			buildActionMask = 2147483647;
			files = (
				0CAF64C5245B3F18005E68AC /* AFSecurityPolicy.m in Sources */,
				0C6927252476E8980000F64E /* WebListViewController.m in Sources */,
				0C6927282476EF030000F64E /* WebViewController.m in Sources */,
				0C21EF74243E481000295CB2 /* GetAVList.m in Sources */,
				0CAF64C4245B3F18005E68AC /* AFNetworkReachabilityManager.m in Sources */,
				0CAF64CE245B4308005E68AC /* FileListManager.m in Sources */,
				0CAF64C0245B3F18005E68AC /* AFURLResponseSerialization.m in Sources */,
				0C86CBE421F77DA300C26F51 /* ConvertTXT.m in Sources */,
				0CAF64D2245B4D54005E68AC /* AdvanceViewController.m in Sources */,
				0CAF64C3245B3F18005E68AC /* AFURLRequestSerialization.m in Sources */,
				0C195C0C24509FC2001351D9 /* ListViewController.m in Sources */,
				0CAF64C2245B3F18005E68AC /* AFURLSessionManager.m in Sources */,
				B51CB39C22156906006EC5BC /* NvToast.m in Sources */,
				0C8252C32451E3B7002F9347 /* ListView.m in Sources */,
				0CE5D9542450977000C32651 /* PlayerViewController.m in Sources */,
				0CAF64C1245B3F18005E68AC /* AFHTTPSessionManager.m in Sources */,
				0CBB57D021CD2AE700282EFF /* main.m in Sources */,
				0CAF64CB245B4161005E68AC /* LDXNetKit.m in Sources */,
				0CBB57C221CD2AE600282EFF /* AppDelegate.m in Sources */,
			);
			runOnlyForDeploymentPostprocessing = 0;
		};
/* End PBXSourcesBuildPhase section */

/* Begin PBXVariantGroup section */
		0CBB57C621CD2AE600282EFF /* Main.storyboard */ = {
			isa = PBXVariantGroup;
			children = (
				0CBB57C721CD2AE600282EFF /* Base */,
			);
			name = Main.storyboard;
			sourceTree = "<group>";
		};
		0CBB57CB21CD2AE700282EFF /* LaunchScreen.storyboard */ = {
			isa = PBXVariantGroup;
			children = (
				0CBB57CC21CD2AE700282EFF /* Base */,
			);
			name = LaunchScreen.storyboard;
			sourceTree = "<group>";
		};
/* End PBXVariantGroup section */

/* Begin XCBuildConfiguration section */
		0CBB57D121CD2AE700282EFF /* Debug */ = {
			isa = XCBuildConfiguration;
			buildSettings = {
				ALWAYS_SEARCH_USER_PATHS = NO;
				CLANG_ANALYZER_NONNULL = YES;
				CLANG_ANALYZER_NUMBER_OBJECT_CONVERSION = YES_AGGRESSIVE;
				CLANG_CXX_LANGUAGE_STANDARD = "gnu++14";
				CLANG_CXX_LIBRARY = "libc++";
				CLANG_ENABLE_MODULES = YES;
				CLANG_ENABLE_OBJC_ARC = YES;
				CLANG_ENABLE_OBJC_WEAK = YES;
				CLANG_WARN_BLOCK_CAPTURE_AUTORELEASING = YES;
				CLANG_WARN_BOOL_CONVERSION = YES;
				CLANG_WARN_COMMA = YES;
				CLANG_WARN_CONSTANT_CONVERSION = YES;
				CLANG_WARN_DEPRECATED_OBJC_IMPLEMENTATIONS = YES;
				CLANG_WARN_DIRECT_OBJC_ISA_USAGE = YES_ERROR;
				CLANG_WARN_DOCUMENTATION_COMMENTS = YES;
				CLANG_WARN_EMPTY_BODY = YES;
				CLANG_WARN_ENUM_CONVERSION = YES;
				CLANG_WARN_INFINITE_RECURSION = YES;
				CLANG_WARN_INT_CONVERSION = YES;
				CLANG_WARN_NON_LITERAL_NULL_CONVERSION = YES;
				CLANG_WARN_OBJC_IMPLICIT_RETAIN_SELF = YES;
				CLANG_WARN_OBJC_LITERAL_CONVERSION = YES;
				CLANG_WARN_OBJC_ROOT_CLASS = YES_ERROR;
				CLANG_WARN_RANGE_LOOP_ANALYSIS = YES;
				CLANG_WARN_STRICT_PROTOTYPES = YES;
				CLANG_WARN_SUSPICIOUS_MOVE = YES;
				CLANG_WARN_UNGUARDED_AVAILABILITY = YES_AGGRESSIVE;
				CLANG_WARN_UNREACHABLE_CODE = YES;
				CLANG_WARN__DUPLICATE_METHOD_MATCH = YES;
				CODE_SIGN_IDENTITY = "iPhone Developer";
				COPY_PHASE_STRIP = NO;
				DEBUG_INFORMATION_FORMAT = dwarf;
				ENABLE_STRICT_OBJC_MSGSEND = YES;
				ENABLE_TESTABILITY = YES;
				GCC_C_LANGUAGE_STANDARD = gnu11;
				GCC_DYNAMIC_NO_PIC = NO;
				GCC_NO_COMMON_BLOCKS = YES;
				GCC_OPTIMIZATION_LEVEL = 0;
				GCC_PREPROCESSOR_DEFINITIONS = (
					"DEBUG=1",
					"$(inherited)",
				);
				GCC_WARN_64_TO_32_BIT_CONVERSION = YES;
				GCC_WARN_ABOUT_RETURN_TYPE = YES_ERROR;
				GCC_WARN_UNDECLARED_SELECTOR = YES;
				GCC_WARN_UNINITIALIZED_AUTOS = YES_AGGRESSIVE;
				GCC_WARN_UNUSED_FUNCTION = YES;
				GCC_WARN_UNUSED_VARIABLE = YES;
				IPHONEOS_DEPLOYMENT_TARGET = 13.0;
				MTL_ENABLE_DEBUG_INFO = INCLUDE_SOURCE;
				MTL_FAST_MATH = YES;
				ONLY_ACTIVE_ARCH = YES;
				SDKROOT = iphoneos;
			};
			name = Debug;
		};
		0CBB57D221CD2AE700282EFF /* Release */ = {
			isa = XCBuildConfiguration;
			buildSettings = {
				ALWAYS_SEARCH_USER_PATHS = NO;
				CLANG_ANALYZER_NONNULL = YES;
				CLANG_ANALYZER_NUMBER_OBJECT_CONVERSION = YES_AGGRESSIVE;
				CLANG_CXX_LANGUAGE_STANDARD = "gnu++14";
				CLANG_CXX_LIBRARY = "libc++";
				CLANG_ENABLE_MODULES = YES;
				CLANG_ENABLE_OBJC_ARC = YES;
				CLANG_ENABLE_OBJC_WEAK = YES;
				CLANG_WARN_BLOCK_CAPTURE_AUTORELEASING = YES;
				CLANG_WARN_BOOL_CONVERSION = YES;
				CLANG_WARN_COMMA = YES;
				CLANG_WARN_CONSTANT_CONVERSION = YES;
				CLANG_WARN_DEPRECATED_OBJC_IMPLEMENTATIONS = YES;
				CLANG_WARN_DIRECT_OBJC_ISA_USAGE = YES_ERROR;
				CLANG_WARN_DOCUMENTATION_COMMENTS = YES;
				CLANG_WARN_EMPTY_BODY = YES;
				CLANG_WARN_ENUM_CONVERSION = YES;
				CLANG_WARN_INFINITE_RECURSION = YES;
				CLANG_WARN_INT_CONVERSION = YES;
				CLANG_WARN_NON_LITERAL_NULL_CONVERSION = YES;
				CLANG_WARN_OBJC_IMPLICIT_RETAIN_SELF = YES;
				CLANG_WARN_OBJC_LITERAL_CONVERSION = YES;
				CLANG_WARN_OBJC_ROOT_CLASS = YES_ERROR;
				CLANG_WARN_RANGE_LOOP_ANALYSIS = YES;
				CLANG_WARN_STRICT_PROTOTYPES = YES;
				CLANG_WARN_SUSPICIOUS_MOVE = YES;
				CLANG_WARN_UNGUARDED_AVAILABILITY = YES_AGGRESSIVE;
				CLANG_WARN_UNREACHABLE_CODE = YES;
				CLANG_WARN__DUPLICATE_METHOD_MATCH = YES;
				CODE_SIGN_IDENTITY = "iPhone Developer";
				COPY_PHASE_STRIP = NO;
				DEBUG_INFORMATION_FORMAT = "dwarf-with-dsym";
				ENABLE_NS_ASSERTIONS = NO;
				ENABLE_STRICT_OBJC_MSGSEND = YES;
				GCC_C_LANGUAGE_STANDARD = gnu11;
				GCC_NO_COMMON_BLOCKS = YES;
				GCC_WARN_64_TO_32_BIT_CONVERSION = YES;
				GCC_WARN_ABOUT_RETURN_TYPE = YES_ERROR;
				GCC_WARN_UNDECLARED_SELECTOR = YES;
				GCC_WARN_UNINITIALIZED_AUTOS = YES_AGGRESSIVE;
				GCC_WARN_UNUSED_FUNCTION = YES;
				GCC_WARN_UNUSED_VARIABLE = YES;
				IPHONEOS_DEPLOYMENT_TARGET = 13.0;
				MTL_ENABLE_DEBUG_INFO = NO;
				MTL_FAST_MATH = YES;
				SDKROOT = iphoneos;
				VALIDATE_PRODUCT = YES;
			};
			name = Release;
		};
		0CBB57D421CD2AE700282EFF /* Debug */ = {
			isa = XCBuildConfiguration;
			baseConfigurationReference = 6F29C244BD323972B3D87ADC /* Pods-TVOnLine.debug.xcconfig */;
			buildSettings = {
				ASSETCATALOG_COMPILER_APPICON_NAME = AppIcon;
				CLANG_ENABLE_MODULES = YES;
				CODE_SIGN_ENTITLEMENTS = TVOnLine/TVOnLine.entitlements;
				CODE_SIGN_STYLE = Automatic;
				DEFINES_MODULE = YES;
				DEVELOPMENT_TEAM = PK2L69FY26;
				ENABLE_BITCODE = NO;
				FRAMEWORK_SEARCH_PATHS = (
					"$(PROJECT_DIR)/Pods/IJKMediaFramework/IJKMediaFramework/Classes",
					"$(inherited)",
				);
				HEADER_SEARCH_PATHS = (
					"\"$(SRCROOT)/Pods/IJKMediaFramework/IJKMediaFramework/Classes/IJKMediaFramework.framework/Headers\"",
					"$(inherited)",
				);
				INFOPLIST_FILE = "$(SRCROOT)/TVOnLine/Info.plist";
				IPHONEOS_DEPLOYMENT_TARGET = 11.0;
				LD_RUNPATH_SEARCH_PATHS = (
					"$(inherited)",
					"@executable_path/Frameworks",
				);
				LIBRARY_SEARCH_PATHS = "$(inherited)";
				PRODUCT_BUNDLE_IDENTIFIER = com.meishe.tv;
				PRODUCT_NAME = "$(TARGET_NAME)";
				SUPPORTS_MACCATALYST = YES;
				SWIFT_OBJC_BRIDGING_HEADER = "TVOnLine/TVOnLine-Bridging-Header.h";
				SWIFT_OPTIMIZATION_LEVEL = "-Onone";
				SWIFT_VERSION = 5.0;
				TARGETED_DEVICE_FAMILY = "1,2";
			};
			name = Debug;
		};
		0CBB57D521CD2AE700282EFF /* Release */ = {
			isa = XCBuildConfiguration;
			baseConfigurationReference = AC1AE8B4AD7EEE4C52FAE041 /* Pods-TVOnLine.release.xcconfig */;
			buildSettings = {
				ASSETCATALOG_COMPILER_APPICON_NAME = AppIcon;
				CLANG_ENABLE_MODULES = YES;
				CODE_SIGN_ENTITLEMENTS = TVOnLine/TVOnLine.entitlements;
				CODE_SIGN_STYLE = Automatic;
				DEFINES_MODULE = YES;
				DEVELOPMENT_TEAM = PK2L69FY26;
				ENABLE_BITCODE = NO;
				FRAMEWORK_SEARCH_PATHS = (
					"$(PROJECT_DIR)/Pods/IJKMediaFramework/IJKMediaFramework/Classes",
					"$(inherited)",
				);
				HEADER_SEARCH_PATHS = (
					"\"$(SRCROOT)/Pods/IJKMediaFramework/IJKMediaFramework/Classes/IJKMediaFramework.framework/Headers\"",
					"$(inherited)",
				);
				INFOPLIST_FILE = "$(SRCROOT)/TVOnLine/Info.plist";
				IPHONEOS_DEPLOYMENT_TARGET = 11.0;
				LD_RUNPATH_SEARCH_PATHS = (
					"$(inherited)",
					"@executable_path/Frameworks",
				);
				LIBRARY_SEARCH_PATHS = "$(inherited)";
				PRODUCT_BUNDLE_IDENTIFIER = com.meishe.tv;
				PRODUCT_NAME = "$(TARGET_NAME)";
				SUPPORTS_MACCATALYST = YES;
				SWIFT_OBJC_BRIDGING_HEADER = "TVOnLine/TVOnLine-Bridging-Header.h";
				SWIFT_VERSION = 5.0;
				TARGETED_DEVICE_FAMILY = "1,2";
			};
			name = Release;
		};
/* End XCBuildConfiguration section */

/* Begin XCConfigurationList section */
		0CBB57B821CD2AE600282EFF /* Build configuration list for PBXProject "TVOnLine" */ = {
			isa = XCConfigurationList;
			buildConfigurations = (
				0CBB57D121CD2AE700282EFF /* Debug */,
				0CBB57D221CD2AE700282EFF /* Release */,
			);
			defaultConfigurationIsVisible = 0;
			defaultConfigurationName = Release;
		};
		0CBB57D321CD2AE700282EFF /* Build configuration list for PBXNativeTarget "TVOnLine" */ = {
			isa = XCConfigurationList;
			buildConfigurations = (
				0CBB57D421CD2AE700282EFF /* Debug */,
				0CBB57D521CD2AE700282EFF /* Release */,
			);
			defaultConfigurationIsVisible = 0;
			defaultConfigurationName = Release;
		};
/* End XCConfigurationList section */
	};
	rootObject = 0CBB57B521CD2AE600282EFF /* Project object */;
}
