// !$*UTF8*$!
{
	archiveVersion = 1;
	classes = {
	};
	objectVersion = 50;
	objects = {

/* Begin PBXBuildFile section */
		0C313CB8221D885000B6886F /* AVKit.framework in Frameworks */ = {isa = PBXBuildFile; fileRef = 0C313CB7221D885000B6886F /* AVKit.framework */; };
		0C313CBB221DB28400B6886F /* MyButton.m in Sources */ = {isa = PBXBuildFile; fileRef = 0C313CBA221DB28400B6886F /* MyButton.m */; };
		B56B46FA221CECAF00DF7691 /* AppDelegate.m in Sources */ = {isa = PBXBuildFile; fileRef = B56B46F9221CECAF00DF7691 /* AppDelegate.m */; };
		B56B46FD221CECAF00DF7691 /* ViewController.m in Sources */ = {isa = PBXBuildFile; fileRef = B56B46FC221CECAF00DF7691 /* ViewController.m */; };
		B56B46FF221CECB100DF7691 /* Assets.xcassets in Resources */ = {isa = PBXBuildFile; fileRef = B56B46FE221CECB100DF7691 /* Assets.xcassets */; };
		B56B4702221CECB100DF7691 /* Main.storyboard in Resources */ = {isa = PBXBuildFile; fileRef = B56B4700221CECB100DF7691 /* Main.storyboard */; };
		B56B4705221CECB100DF7691 /* main.m in Sources */ = {isa = PBXBuildFile; fileRef = B56B4704221CECB100DF7691 /* main.m */; };
		B56B471D221CFBB300DF7691 /* list in Resources */ = {isa = PBXBuildFile; fileRef = B56B471C221CFBB300DF7691 /* list */; };
		B56B4720221CFBC300DF7691 /* ConvertTXT.m in Sources */ = {isa = PBXBuildFile; fileRef = B56B471E221CFBC300DF7691 /* ConvertTXT.m */; };
/* End PBXBuildFile section */

/* Begin PBXFileReference section */
		0C313CB7221D885000B6886F /* AVKit.framework */ = {isa = PBXFileReference; lastKnownFileType = wrapper.framework; name = AVKit.framework; path = System/Library/Frameworks/AVKit.framework; sourceTree = SDKROOT; };
		0C313CB9221DB28400B6886F /* MyButton.h */ = {isa = PBXFileReference; lastKnownFileType = sourcecode.c.h; path = MyButton.h; sourceTree = "<group>"; };
		0C313CBA221DB28400B6886F /* MyButton.m */ = {isa = PBXFileReference; lastKnownFileType = sourcecode.c.objc; path = MyButton.m; sourceTree = "<group>"; };
		B55FEC25221D6DDC00656DC4 /* 电视直播forMac.entitlements */ = {isa = PBXFileReference; lastKnownFileType = text.plist.entitlements; path = "电视直播forMac.entitlements"; sourceTree = "<group>"; };
		B56B46F5221CECAF00DF7691 /* 电视直播forMac.app */ = {isa = PBXFileReference; explicitFileType = wrapper.application; includeInIndex = 0; path = "电视直播forMac.app"; sourceTree = BUILT_PRODUCTS_DIR; };
		B56B46F8221CECAF00DF7691 /* AppDelegate.h */ = {isa = PBXFileReference; lastKnownFileType = sourcecode.c.h; path = AppDelegate.h; sourceTree = "<group>"; };
		B56B46F9221CECAF00DF7691 /* AppDelegate.m */ = {isa = PBXFileReference; lastKnownFileType = sourcecode.c.objc; path = AppDelegate.m; sourceTree = "<group>"; };
		B56B46FB221CECAF00DF7691 /* ViewController.h */ = {isa = PBXFileReference; lastKnownFileType = sourcecode.c.h; path = ViewController.h; sourceTree = "<group>"; };
		B56B46FC221CECAF00DF7691 /* ViewController.m */ = {isa = PBXFileReference; lastKnownFileType = sourcecode.c.objc; path = ViewController.m; sourceTree = "<group>"; };
		B56B46FE221CECB100DF7691 /* Assets.xcassets */ = {isa = PBXFileReference; lastKnownFileType = folder.assetcatalog; path = Assets.xcassets; sourceTree = "<group>"; };
		B56B4701221CECB100DF7691 /* Base */ = {isa = PBXFileReference; lastKnownFileType = file.storyboard; name = Base; path = Base.lproj/Main.storyboard; sourceTree = "<group>"; };
		B56B4703221CECB100DF7691 /* Info.plist */ = {isa = PBXFileReference; lastKnownFileType = text.plist.xml; path = Info.plist; sourceTree = "<group>"; };
		B56B4704221CECB100DF7691 /* main.m */ = {isa = PBXFileReference; lastKnownFileType = sourcecode.c.objc; path = main.m; sourceTree = "<group>"; };
		B56B471C221CFBB300DF7691 /* list */ = {isa = PBXFileReference; lastKnownFileType = folder; name = list; path = "../../电视直播/list"; sourceTree = "<group>"; };
		B56B471E221CFBC300DF7691 /* ConvertTXT.m */ = {isa = PBXFileReference; fileEncoding = 4; lastKnownFileType = sourcecode.c.objc; name = ConvertTXT.m; path = "../../电视直播/ConvertTXT.m"; sourceTree = "<group>"; };
		B56B471F221CFBC300DF7691 /* ConvertTXT.h */ = {isa = PBXFileReference; fileEncoding = 4; lastKnownFileType = sourcecode.c.h; name = ConvertTXT.h; path = "../../电视直播/ConvertTXT.h"; sourceTree = "<group>"; };
/* End PBXFileReference section */

/* Begin PBXFrameworksBuildPhase section */
		B56B46F2221CECAF00DF7691 /* Frameworks */ = {
			isa = PBXFrameworksBuildPhase;
			buildActionMask = 2147483647;
			files = (
				0C313CB8221D885000B6886F /* AVKit.framework in Frameworks */,
			);
			runOnlyForDeploymentPostprocessing = 0;
		};
/* End PBXFrameworksBuildPhase section */

/* Begin PBXGroup section */
		0C313CB6221D885000B6886F /* Frameworks */ = {
			isa = PBXGroup;
			children = (
				0C313CB7221D885000B6886F /* AVKit.framework */,
			);
			name = Frameworks;
			sourceTree = "<group>";
		};
		B56B46EC221CECAF00DF7691 = {
			isa = PBXGroup;
			children = (
				B56B46F7221CECAF00DF7691 /* 电视直播forMac */,
				B56B46F6221CECAF00DF7691 /* Products */,
				0C313CB6221D885000B6886F /* Frameworks */,
			);
			sourceTree = "<group>";
		};
		B56B46F6221CECAF00DF7691 /* Products */ = {
			isa = PBXGroup;
			children = (
				B56B46F5221CECAF00DF7691 /* 电视直播forMac.app */,
			);
			name = Products;
			sourceTree = "<group>";
		};
		B56B46F7221CECAF00DF7691 /* 电视直播forMac */ = {
			isa = PBXGroup;
			children = (
				B56B471C221CFBB300DF7691 /* list */,
				B56B471F221CFBC300DF7691 /* ConvertTXT.h */,
				B56B471E221CFBC300DF7691 /* ConvertTXT.m */,
				B56B46F8221CECAF00DF7691 /* AppDelegate.h */,
				B56B46F9221CECAF00DF7691 /* AppDelegate.m */,
				B56B46FB221CECAF00DF7691 /* ViewController.h */,
				B56B46FC221CECAF00DF7691 /* ViewController.m */,
				B56B46FE221CECB100DF7691 /* Assets.xcassets */,
				B56B4700221CECB100DF7691 /* Main.storyboard */,
				0C313CB9221DB28400B6886F /* MyButton.h */,
				0C313CBA221DB28400B6886F /* MyButton.m */,
				B56B4703221CECB100DF7691 /* Info.plist */,
				B56B4704221CECB100DF7691 /* main.m */,
				B55FEC25221D6DDC00656DC4 /* 电视直播forMac.entitlements */,
			);
			path = "电视直播forMac";
			sourceTree = "<group>";
		};
/* End PBXGroup section */

/* Begin PBXNativeTarget section */
		B56B46F4221CECAF00DF7691 /* 电视直播forMac */ = {
			isa = PBXNativeTarget;
			buildConfigurationList = B56B4709221CECB100DF7691 /* Build configuration list for PBXNativeTarget "电视直播forMac" */;
			buildPhases = (
				B56B46F1221CECAF00DF7691 /* Sources */,
				B56B46F2221CECAF00DF7691 /* Frameworks */,
				B56B46F3221CECAF00DF7691 /* Resources */,
			);
			buildRules = (
			);
			dependencies = (
			);
			name = "电视直播forMac";
			productName = "电视直播forMac";
			productReference = B56B46F5221CECAF00DF7691 /* 电视直播forMac.app */;
			productType = "com.apple.product-type.application";
		};
/* End PBXNativeTarget section */

/* Begin PBXProject section */
		B56B46ED221CECAF00DF7691 /* Project object */ = {
			isa = PBXProject;
			attributes = {
				LastUpgradeCheck = 1010;
				ORGANIZATIONNAME = "刘东旭";
				TargetAttributes = {
					B56B46F4221CECAF00DF7691 = {
						CreatedOnToolsVersion = 10.1;
						SystemCapabilities = {
							com.apple.Sandbox = {
								enabled = 0;
							};
						};
					};
				};
			};
			buildConfigurationList = B56B46F0221CECAF00DF7691 /* Build configuration list for PBXProject "电视直播forMac" */;
			compatibilityVersion = "Xcode 9.3";
			developmentRegion = en;
			hasScannedForEncodings = 0;
			knownRegions = (
				en,
				Base,
			);
			mainGroup = B56B46EC221CECAF00DF7691;
			productRefGroup = B56B46F6221CECAF00DF7691 /* Products */;
			projectDirPath = "";
			projectRoot = "";
			targets = (
				B56B46F4221CECAF00DF7691 /* 电视直播forMac */,
			);
		};
/* End PBXProject section */

/* Begin PBXResourcesBuildPhase section */
		B56B46F3221CECAF00DF7691 /* Resources */ = {
			isa = PBXResourcesBuildPhase;
			buildActionMask = 2147483647;
			files = (
				B56B46FF221CECB100DF7691 /* Assets.xcassets in Resources */,
				B56B4702221CECB100DF7691 /* Main.storyboard in Resources */,
				B56B471D221CFBB300DF7691 /* list in Resources */,
			);
			runOnlyForDeploymentPostprocessing = 0;
		};
/* End PBXResourcesBuildPhase section */

/* Begin PBXSourcesBuildPhase section */
		B56B46F1221CECAF00DF7691 /* Sources */ = {
			isa = PBXSourcesBuildPhase;
			buildActionMask = 2147483647;
			files = (
				B56B4720221CFBC300DF7691 /* ConvertTXT.m in Sources */,
				B56B46FD221CECAF00DF7691 /* ViewController.m in Sources */,
				B56B4705221CECB100DF7691 /* main.m in Sources */,
				B56B46FA221CECAF00DF7691 /* AppDelegate.m in Sources */,
				0C313CBB221DB28400B6886F /* MyButton.m in Sources */,
			);
			runOnlyForDeploymentPostprocessing = 0;
		};
/* End PBXSourcesBuildPhase section */

/* Begin PBXVariantGroup section */
		B56B4700221CECB100DF7691 /* Main.storyboard */ = {
			isa = PBXVariantGroup;
			children = (
				B56B4701221CECB100DF7691 /* Base */,
			);
			name = Main.storyboard;
			sourceTree = "<group>";
		};
/* End PBXVariantGroup section */

/* Begin XCBuildConfiguration section */
		B56B4707221CECB100DF7691 /* Debug */ = {
			isa = XCBuildConfiguration;
			buildSettings = {
				ALWAYS_SEARCH_USER_PATHS = NO;
				CLANG_ANALYZER_NONNULL = YES;
				CLANG_ANALYZER_NUMBER_OBJECT_CONVERSION = YES_AGGRESSIVE;
				CLANG_CXX_LANGUAGE_STANDARD = "gnu++14";
				CLANG_CXX_LIBRARY = "libc++";
				CLANG_ENABLE_MODULES = YES;
				CLANG_ENABLE_OBJC_ARC = YES;
				CLANG_ENABLE_OBJC_WEAK = YES;
				CLANG_WARN_BLOCK_CAPTURE_AUTORELEASING = YES;
				CLANG_WARN_BOOL_CONVERSION = YES;
				CLANG_WARN_COMMA = YES;
				CLANG_WARN_CONSTANT_CONVERSION = YES;
				CLANG_WARN_DEPRECATED_OBJC_IMPLEMENTATIONS = YES;
				CLANG_WARN_DIRECT_OBJC_ISA_USAGE = YES_ERROR;
				CLANG_WARN_DOCUMENTATION_COMMENTS = YES;
				CLANG_WARN_EMPTY_BODY = YES;
				CLANG_WARN_ENUM_CONVERSION = YES;
				CLANG_WARN_INFINITE_RECURSION = YES;
				CLANG_WARN_INT_CONVERSION = YES;
				CLANG_WARN_NON_LITERAL_NULL_CONVERSION = YES;
				CLANG_WARN_OBJC_IMPLICIT_RETAIN_SELF = YES;
				CLANG_WARN_OBJC_LITERAL_CONVERSION = YES;
				CLANG_WARN_OBJC_ROOT_CLASS = YES_ERROR;
				CLANG_WARN_RANGE_LOOP_ANALYSIS = YES;
				CLANG_WARN_STRICT_PROTOTYPES = YES;
				CLANG_WARN_SUSPICIOUS_MOVE = YES;
				CLANG_WARN_UNGUARDED_AVAILABILITY = YES_AGGRESSIVE;
				CLANG_WARN_UNREACHABLE_CODE = YES;
				CLANG_WARN__DUPLICATE_METHOD_MATCH = YES;
				CODE_SIGN_IDENTITY = "Mac Developer";
				COPY_PHASE_STRIP = NO;
				DEBUG_INFORMATION_FORMAT = dwarf;
				ENABLE_STRICT_OBJC_MSGSEND = YES;
				ENABLE_TESTABILITY = YES;
				GCC_C_LANGUAGE_STANDARD = gnu11;
				GCC_DYNAMIC_NO_PIC = NO;
				GCC_NO_COMMON_BLOCKS = YES;
				GCC_OPTIMIZATION_LEVEL = 0;
				GCC_PREPROCESSOR_DEFINITIONS = (
					"DEBUG=1",
					"$(inherited)",
				);
				GCC_WARN_64_TO_32_BIT_CONVERSION = YES;
				GCC_WARN_ABOUT_RETURN_TYPE = YES_ERROR;
				GCC_WARN_UNDECLARED_SELECTOR = YES;
				GCC_WARN_UNINITIALIZED_AUTOS = YES_AGGRESSIVE;
				GCC_WARN_UNUSED_FUNCTION = YES;
				GCC_WARN_UNUSED_VARIABLE = YES;
				MACOSX_DEPLOYMENT_TARGET = 10.13;
				MTL_ENABLE_DEBUG_INFO = INCLUDE_SOURCE;
				MTL_FAST_MATH = YES;
				ONLY_ACTIVE_ARCH = YES;
				SDKROOT = macosx;
			};
			name = Debug;
		};
		B56B4708221CECB100DF7691 /* Release */ = {
			isa = XCBuildConfiguration;
			buildSettings = {
				ALWAYS_SEARCH_USER_PATHS = NO;
				CLANG_ANALYZER_NONNULL = YES;
				CLANG_ANALYZER_NUMBER_OBJECT_CONVERSION = YES_AGGRESSIVE;
				CLANG_CXX_LANGUAGE_STANDARD = "gnu++14";
				CLANG_CXX_LIBRARY = "libc++";
				CLANG_ENABLE_MODULES = YES;
				CLANG_ENABLE_OBJC_ARC = YES;
				CLANG_ENABLE_OBJC_WEAK = YES;
				CLANG_WARN_BLOCK_CAPTURE_AUTORELEASING = YES;
				CLANG_WARN_BOOL_CONVERSION = YES;
				CLANG_WARN_COMMA = YES;
				CLANG_WARN_CONSTANT_CONVERSION = YES;
				CLANG_WARN_DEPRECATED_OBJC_IMPLEMENTATIONS = YES;
				CLANG_WARN_DIRECT_OBJC_ISA_USAGE = YES_ERROR;
				CLANG_WARN_DOCUMENTATION_COMMENTS = YES;
				CLANG_WARN_EMPTY_BODY = YES;
				CLANG_WARN_ENUM_CONVERSION = YES;
				CLANG_WARN_INFINITE_RECURSION = YES;
				CLANG_WARN_INT_CONVERSION = YES;
				CLANG_WARN_NON_LITERAL_NULL_CONVERSION = YES;
				CLANG_WARN_OBJC_IMPLICIT_RETAIN_SELF = YES;
				CLANG_WARN_OBJC_LITERAL_CONVERSION = YES;
				CLANG_WARN_OBJC_ROOT_CLASS = YES_ERROR;
				CLANG_WARN_RANGE_LOOP_ANALYSIS = YES;
				CLANG_WARN_STRICT_PROTOTYPES = YES;
				CLANG_WARN_SUSPICIOUS_MOVE = YES;
				CLANG_WARN_UNGUARDED_AVAILABILITY = YES_AGGRESSIVE;
				CLANG_WARN_UNREACHABLE_CODE = YES;
				CLANG_WARN__DUPLICATE_METHOD_MATCH = YES;
				CODE_SIGN_IDENTITY = "Mac Developer";
				COPY_PHASE_STRIP = NO;
				DEBUG_INFORMATION_FORMAT = "dwarf-with-dsym";
				ENABLE_NS_ASSERTIONS = NO;
				ENABLE_STRICT_OBJC_MSGSEND = YES;
				GCC_C_LANGUAGE_STANDARD = gnu11;
				GCC_NO_COMMON_BLOCKS = YES;
				GCC_WARN_64_TO_32_BIT_CONVERSION = YES;
				GCC_WARN_ABOUT_RETURN_TYPE = YES_ERROR;
				GCC_WARN_UNDECLARED_SELECTOR = YES;
				GCC_WARN_UNINITIALIZED_AUTOS = YES_AGGRESSIVE;
				GCC_WARN_UNUSED_FUNCTION = YES;
				GCC_WARN_UNUSED_VARIABLE = YES;
				MACOSX_DEPLOYMENT_TARGET = 10.13;
				MTL_ENABLE_DEBUG_INFO = NO;
				MTL_FAST_MATH = YES;
				SDKROOT = macosx;
			};
			name = Release;
		};
		B56B470A221CECB100DF7691 /* Debug */ = {
			isa = XCBuildConfiguration;
			buildSettings = {
				ASSETCATALOG_COMPILER_APPICON_NAME = AppIcon;
				CODE_SIGN_STYLE = Automatic;
				COMBINE_HIDPI_IMAGES = YES;
				DEVELOPMENT_TEAM = GURX554A9Q;
				INFOPLIST_FILE = "电视直播forMac/Info.plist";
				LD_RUNPATH_SEARCH_PATHS = (
					"$(inherited)",
					"@executable_path/../Frameworks",
				);
				PRODUCT_BUNDLE_IDENTIFIER = com.meishe.forMac;
				PRODUCT_NAME = "$(TARGET_NAME)";
			};
			name = Debug;
		};
		B56B470B221CECB100DF7691 /* Release */ = {
			isa = XCBuildConfiguration;
			buildSettings = {
				ASSETCATALOG_COMPILER_APPICON_NAME = AppIcon;
				CODE_SIGN_STYLE = Automatic;
				COMBINE_HIDPI_IMAGES = YES;
				DEVELOPMENT_TEAM = GURX554A9Q;
				INFOPLIST_FILE = "电视直播forMac/Info.plist";
				LD_RUNPATH_SEARCH_PATHS = (
					"$(inherited)",
					"@executable_path/../Frameworks",
				);
				PRODUCT_BUNDLE_IDENTIFIER = com.meishe.forMac;
				PRODUCT_NAME = "$(TARGET_NAME)";
			};
			name = Release;
		};
/* End XCBuildConfiguration section */

/* Begin XCConfigurationList section */
		B56B46F0221CECAF00DF7691 /* Build configuration list for PBXProject "电视直播forMac" */ = {
			isa = XCConfigurationList;
			buildConfigurations = (
				B56B4707221CECB100DF7691 /* Debug */,
				B56B4708221CECB100DF7691 /* Release */,
			);
			defaultConfigurationIsVisible = 0;
			defaultConfigurationName = Release;
		};
		B56B4709221CECB100DF7691 /* Build configuration list for PBXNativeTarget "电视直播forMac" */ = {
			isa = XCConfigurationList;
			buildConfigurations = (
				B56B470A221CECB100DF7691 /* Debug */,
				B56B470B221CECB100DF7691 /* Release */,
			);
			defaultConfigurationIsVisible = 0;
			defaultConfigurationName = Release;
		};
/* End XCConfigurationList section */
	};
	rootObject = B56B46ED221CECAF00DF7691 /* Project object */;
}
